
Microsoft Visual Studio Solution File, Format Version 12.00
# Visual Studio Version 17
VisualStudioVersion = 17.11.35327.3
MinimumVisualStudioVersion = 10.0.40219.1
Project("{FAE04EC0-301F-11D3-BF4B-00C04F79EFBC}") = "WpfApp6", "WpfApp6\WpfApp6.csproj", "{B9219B8B-C5A9-4860-BFA7-0F55086351EB}"
EndProject
Global
	GlobalSection(SolutionConfigurationPlatforms) = preSolution
		Debug|Any CPU = Debug|Any CPU
		Release|Any CPU = Release|Any CPU
	EndGlobalSection
	GlobalSection(ProjectConfigurationPlatforms) = postSolution
		{B9219B8B-C5A9-4860-BFA7-0F55086351EB}.Debug|Any CPU.ActiveCfg = Debug|Any CPU
		{B9219B8B-C5A9-4860-BFA7-0F55086351EB}.Debug|Any CPU.Build.0 = Debug|Any CPU
		{B9219B8B-C5A9-4860-BFA7-0F55086351EB}.Release|Any CPU.ActiveCfg = Release|Any CPU
		{B9219B8B-C5A9-4860-BFA7-0F55086351EB}.Release|Any CPU.Build.0 = Release|Any CPU
	EndGlobalSection
	GlobalSection(SolutionProperties) = preSolution
		HideSolutionNode = FALSE
	EndGlobalSection
	GlobalSection(ExtensibilityGlobals) = postSolution
		SolutionGuid = {46AA0BB2-0D31-4208-AD89-5B78D9665CFC}
	EndGlobalSection
EndGlobal
